// !$*UTF8*$!
{
	archiveVersion = 1;
	classes = {
	};
	objectVersion = 56;
	objects = {

/* Begin PBXBuildFile section */
		93ACF66B297824A400EDA8C8 /* AppDelegate.swift in Sources */ = {isa = PBXBuildFile; fileRef = 93ACF66A297824A400EDA8C8 /* AppDelegate.swift */; };
		93ACF66D297824A400EDA8C8 /* SceneDelegate.swift in Sources */ = {isa = PBXBuildFile; fileRef = 93ACF66C297824A400EDA8C8 /* SceneDelegate.swift */; };
		93ACF66F297824A400EDA8C8 /* MainView.swift in Sources */ = {isa = PBXBuildFile; fileRef = 93ACF66E297824A400EDA8C8 /* MainView.swift */; };
		93ACF672297824A400EDA8C8 /* Main.storyboard in Resources */ = {isa = PBXBuildFile; fileRef = 93ACF670297824A400EDA8C8 /* Main.storyboard */; };
		93ACF674297824A600EDA8C8 /* Assets.xcassets in Resources */ = {isa = PBXBuildFile; fileRef = 93ACF673297824A600EDA8C8 /* Assets.xcassets */; };
		93ACF677297824A600EDA8C8 /* LaunchScreen.storyboard in Resources */ = {isa = PBXBuildFile; fileRef = 93ACF675297824A600EDA8C8 /* LaunchScreen.storyboard */; };
		93ACF682297824A700EDA8C8 /* ProyectBootcampSwiftTests.swift in Sources */ = {isa = PBXBuildFile; fileRef = 93ACF681297824A700EDA8C8 /* ProyectBootcampSwiftTests.swift */; };
		93ACF68C297824A700EDA8C8 /* ProyectBootcampSwiftUITests.swift in Sources */ = {isa = PBXBuildFile; fileRef = 93ACF68B297824A700EDA8C8 /* ProyectBootcampSwiftUITests.swift */; };
		93ACF68E297824A700EDA8C8 /* ProyectBootcampSwiftUITestsLaunchTests.swift in Sources */ = {isa = PBXBuildFile; fileRef = 93ACF68D297824A700EDA8C8 /* ProyectBootcampSwiftUITestsLaunchTests.swift */; };
/* End PBXBuildFile section */

/* Begin PBXContainerItemProxy section */
		93ACF67E297824A700EDA8C8 /* PBXContainerItemProxy */ = {
			isa = PBXContainerItemProxy;
			containerPortal = 93ACF65F297824A400EDA8C8 /* Project object */;
			proxyType = 1;
			remoteGlobalIDString = 93ACF666297824A400EDA8C8;
			remoteInfo = ProyectBootcampSwift;
		};
		93ACF688297824A700EDA8C8 /* PBXContainerItemProxy */ = {
			isa = PBXContainerItemProxy;
			containerPortal = 93ACF65F297824A400EDA8C8 /* Project object */;
			proxyType = 1;
			remoteGlobalIDString = 93ACF666297824A400EDA8C8;
			remoteInfo = ProyectBootcampSwift;
		};
/* End PBXContainerItemProxy section */

/* Begin PBXFileReference section */
		93ACF667297824A400EDA8C8 /* ProyectBootcampSwift.app */ = {isa = PBXFileReference; explicitFileType = wrapper.application; includeInIndex = 0; path = ProyectBootcampSwift.app; sourceTree = BUILT_PRODUCTS_DIR; };
		93ACF66A297824A400EDA8C8 /* AppDelegate.swift */ = {isa = PBXFileReference; lastKnownFileType = sourcecode.swift; path = AppDelegate.swift; sourceTree = "<group>"; };
		93ACF66C297824A400EDA8C8 /* SceneDelegate.swift */ = {isa = PBXFileReference; lastKnownFileType = sourcecode.swift; path = SceneDelegate.swift; sourceTree = "<group>"; };
		93ACF66E297824A400EDA8C8 /* MainView.swift */ = {isa = PBXFileReference; lastKnownFileType = sourcecode.swift; path = MainView.swift; sourceTree = "<group>"; };
		93ACF671297824A400EDA8C8 /* Base */ = {isa = PBXFileReference; lastKnownFileType = file.storyboard; name = Base; path = Base.lproj/Main.storyboard; sourceTree = "<group>"; };
		93ACF673297824A600EDA8C8 /* Assets.xcassets */ = {isa = PBXFileReference; lastKnownFileType = folder.assetcatalog; path = Assets.xcassets; sourceTree = "<group>"; };
		93ACF676297824A600EDA8C8 /* Base */ = {isa = PBXFileReference; lastKnownFileType = file.storyboard; name = Base; path = Base.lproj/LaunchScreen.storyboard; sourceTree = "<group>"; };
		93ACF678297824A600EDA8C8 /* Info.plist */ = {isa = PBXFileReference; lastKnownFileType = text.plist.xml; path = Info.plist; sourceTree = "<group>"; };
		93ACF67D297824A700EDA8C8 /* ProyectBootcampSwiftTests.xctest */ = {isa = PBXFileReference; explicitFileType = wrapper.cfbundle; includeInIndex = 0; path = ProyectBootcampSwiftTests.xctest; sourceTree = BUILT_PRODUCTS_DIR; };
		93ACF681297824A700EDA8C8 /* ProyectBootcampSwiftTests.swift */ = {isa = PBXFileReference; lastKnownFileType = sourcecode.swift; path = ProyectBootcampSwiftTests.swift; sourceTree = "<group>"; };
		93ACF687297824A700EDA8C8 /* ProyectBootcampSwiftUITests.xctest */ = {isa = PBXFileReference; explicitFileType = wrapper.cfbundle; includeInIndex = 0; path = ProyectBootcampSwiftUITests.xctest; sourceTree = BUILT_PRODUCTS_DIR; };
		93ACF68B297824A700EDA8C8 /* ProyectBootcampSwiftUITests.swift */ = {isa = PBXFileReference; lastKnownFileType = sourcecode.swift; path = ProyectBootcampSwiftUITests.swift; sourceTree = "<group>"; };
		93ACF68D297824A700EDA8C8 /* ProyectBootcampSwiftUITestsLaunchTests.swift */ = {isa = PBXFileReference; lastKnownFileType = sourcecode.swift; path = ProyectBootcampSwiftUITestsLaunchTests.swift; sourceTree = "<group>"; };
/* End PBXFileReference section */

/* Begin PBXFrameworksBuildPhase section */
		93ACF664297824A400EDA8C8 /* Frameworks */ = {
			isa = PBXFrameworksBuildPhase;
			buildActionMask = 2147483647;
			files = (
			);
			runOnlyForDeploymentPostprocessing = 0;
		};
		93ACF67A297824A700EDA8C8 /* Frameworks */ = {
			isa = PBXFrameworksBuildPhase;
			buildActionMask = 2147483647;
			files = (
			);
			runOnlyForDeploymentPostprocessing = 0;
		};
		93ACF684297824A700EDA8C8 /* Frameworks */ = {
			isa = PBXFrameworksBuildPhase;
			buildActionMask = 2147483647;
			files = (
			);
			runOnlyForDeploymentPostprocessing = 0;
		};
/* End PBXFrameworksBuildPhase section */

/* Begin PBXGroup section */
		93ACF65E297824A400EDA8C8 = {
			isa = PBXGroup;
			children = (
				93ACF669297824A400EDA8C8 /* ProyectBootcampSwift */,
				93ACF680297824A700EDA8C8 /* ProyectBootcampSwiftTests */,
				93ACF68A297824A700EDA8C8 /* ProyectBootcampSwiftUITests */,
				93ACF668297824A400EDA8C8 /* Products */,
			);
			sourceTree = "<group>";
		};
		93ACF668297824A400EDA8C8 /* Products */ = {
			isa = PBXGroup;
			children = (
				93ACF667297824A400EDA8C8 /* ProyectBootcampSwift.app */,
				93ACF67D297824A700EDA8C8 /* ProyectBootcampSwiftTests.xctest */,
				93ACF687297824A700EDA8C8 /* ProyectBootcampSwiftUITests.xctest */,
			);
			name = Products;
			sourceTree = "<group>";
		};
		93ACF669297824A400EDA8C8 /* ProyectBootcampSwift */ = {
			isa = PBXGroup;
			children = (
				93ACF69C297824DF00EDA8C8 /* ViewModel */,
				93ACF69B297824DB00EDA8C8 /* View */,
				93ACF69A297824D400EDA8C8 /* Model */,
				93ACF66A297824A400EDA8C8 /* AppDelegate.swift */,
				93ACF66C297824A400EDA8C8 /* SceneDelegate.swift */,
				93ACF673297824A600EDA8C8 /* Assets.xcassets */,
				93ACF675297824A600EDA8C8 /* LaunchScreen.storyboard */,
				93ACF678297824A600EDA8C8 /* Info.plist */,
			);
			path = ProyectBootcampSwift;
			sourceTree = "<group>";
		};
		93ACF680297824A700EDA8C8 /* ProyectBootcampSwiftTests */ = {
			isa = PBXGroup;
			children = (
				93ACF681297824A700EDA8C8 /* ProyectBootcampSwiftTests.swift */,
			);
			path = ProyectBootcampSwiftTests;
			sourceTree = "<group>";
		};
		93ACF68A297824A700EDA8C8 /* ProyectBootcampSwiftUITests */ = {
			isa = PBXGroup;
			children = (
				93ACF68B297824A700EDA8C8 /* ProyectBootcampSwiftUITests.swift */,
				93ACF68D297824A700EDA8C8 /* ProyectBootcampSwiftUITestsLaunchTests.swift */,
			);
			path = ProyectBootcampSwiftUITests;
			sourceTree = "<group>";
		};
		93ACF69A297824D400EDA8C8 /* Model */ = {
			isa = PBXGroup;
			children = (
			);
			path = Model;
			sourceTree = "<group>";
		};
		93ACF69B297824DB00EDA8C8 /* View */ = {
			isa = PBXGroup;
			children = (
				93ACF670297824A400EDA8C8 /* Main.storyboard */,
				93ACF66E297824A400EDA8C8 /* MainView.swift */,
			);
			path = View;
			sourceTree = "<group>";
		};
		93ACF69C297824DF00EDA8C8 /* ViewModel */ = {
			isa = PBXGroup;
			children = (
			);
			path = ViewModel;
			sourceTree = "<group>";
		};
/* End PBXGroup section */

/* Begin PBXNativeTarget section */
		93ACF666297824A400EDA8C8 /* ProyectBootcampSwift */ = {
			isa = PBXNativeTarget;
			buildConfigurationList = 93ACF691297824A700EDA8C8 /* Build configuration list for PBXNativeTarget "ProyectBootcampSwift" */;
			buildPhases = (
				93ACF663297824A400EDA8C8 /* Sources */,
				93ACF664297824A400EDA8C8 /* Frameworks */,
				93ACF665297824A400EDA8C8 /* Resources */,
			);
			buildRules = (
			);
			dependencies = (
			);
			name = ProyectBootcampSwift;
			productName = ProyectBootcampSwift;
			productReference = 93ACF667297824A400EDA8C8 /* ProyectBootcampSwift.app */;
			productType = "com.apple.product-type.application";
		};
		93ACF67C297824A700EDA8C8 /* ProyectBootcampSwiftTests */ = {
			isa = PBXNativeTarget;
			buildConfigurationList = 93ACF694297824A700EDA8C8 /* Build configuration list for PBXNativeTarget "ProyectBootcampSwiftTests" */;
			buildPhases = (
				93ACF679297824A700EDA8C8 /* Sources */,
				93ACF67A297824A700EDA8C8 /* Frameworks */,
				93ACF67B297824A700EDA8C8 /* Resources */,
			);
			buildRules = (
			);
			dependencies = (
				93ACF67F297824A700EDA8C8 /* PBXTargetDependency */,
			);
			name = ProyectBootcampSwiftTests;
			productName = ProyectBootcampSwiftTests;
			productReference = 93ACF67D297824A700EDA8C8 /* ProyectBootcampSwiftTests.xctest */;
			productType = "com.apple.product-type.bundle.unit-test";
		};
		93ACF686297824A700EDA8C8 /* ProyectBootcampSwiftUITests */ = {
			isa = PBXNativeTarget;
			buildConfigurationList = 93ACF697297824A700EDA8C8 /* Build configuration list for PBXNativeTarget "ProyectBootcampSwiftUITests" */;
			buildPhases = (
				93ACF683297824A700EDA8C8 /* Sources */,
				93ACF684297824A700EDA8C8 /* Frameworks */,
				93ACF685297824A700EDA8C8 /* Resources */,
			);
			buildRules = (
			);
			dependencies = (
				93ACF689297824A700EDA8C8 /* PBXTargetDependency */,
			);
			name = ProyectBootcampSwiftUITests;
			productName = ProyectBootcampSwiftUITests;
			productReference = 93ACF687297824A700EDA8C8 /* ProyectBootcampSwiftUITests.xctest */;
			productType = "com.apple.product-type.bundle.ui-testing";
		};
/* End PBXNativeTarget section */

/* Begin PBXProject section */
		93ACF65F297824A400EDA8C8 /* Project object */ = {
			isa = PBXProject;
			attributes = {
				BuildIndependentTargetsInParallel = 1;
				LastSwiftUpdateCheck = 1400;
				LastUpgradeCheck = 1400;
				TargetAttributes = {
					93ACF666297824A400EDA8C8 = {
						CreatedOnToolsVersion = 14.0.1;
					};
					93ACF67C297824A700EDA8C8 = {
						CreatedOnToolsVersion = 14.0.1;
						TestTargetID = 93ACF666297824A400EDA8C8;
					};
					93ACF686297824A700EDA8C8 = {
						CreatedOnToolsVersion = 14.0.1;
						TestTargetID = 93ACF666297824A400EDA8C8;
					};
				};
			};
			buildConfigurationList = 93ACF662297824A400EDA8C8 /* Build configuration list for PBXProject "ProyectBootcampSwift" */;
			compatibilityVersion = "Xcode 14.0";
			developmentRegion = en;
			hasScannedForEncodings = 0;
			knownRegions = (
				en,
				Base,
			);
			mainGroup = 93ACF65E297824A400EDA8C8;
			productRefGroup = 93ACF668297824A400EDA8C8 /* Products */;
			projectDirPath = "";
			projectRoot = "";
			targets = (
				93ACF666297824A400EDA8C8 /* ProyectBootcampSwift */,
				93ACF67C297824A700EDA8C8 /* ProyectBootcampSwiftTests */,
				93ACF686297824A700EDA8C8 /* ProyectBootcampSwiftUITests */,
			);
		};
/* End PBXProject section */

/* Begin PBXResourcesBuildPhase section */
		93ACF665297824A400EDA8C8 /* Resources */ = {
			isa = PBXResourcesBuildPhase;
			buildActionMask = 2147483647;
			files = (
				93ACF677297824A600EDA8C8 /* LaunchScreen.storyboard in Resources */,
				93ACF674297824A600EDA8C8 /* Assets.xcassets in Resources */,
				93ACF672297824A400EDA8C8 /* Main.storyboard in Resources */,
			);
			runOnlyForDeploymentPostprocessing = 0;
		};
		93ACF67B297824A700EDA8C8 /* Resources */ = {
			isa = PBXResourcesBuildPhase;
			buildActionMask = 2147483647;
			files = (
			);
			runOnlyForDeploymentPostprocessing = 0;
		};
		93ACF685297824A700EDA8C8 /* Resources */ = {
			isa = PBXResourcesBuildPhase;
			buildActionMask = 2147483647;
			files = (
			);
			runOnlyForDeploymentPostprocessing = 0;
		};
/* End PBXResourcesBuildPhase section */

/* Begin PBXSourcesBuildPhase section */
		93ACF663297824A400EDA8C8 /* Sources */ = {
			isa = PBXSourcesBuildPhase;
			buildActionMask = 2147483647;
			files = (
				93ACF66F297824A400EDA8C8 /* MainView.swift in Sources */,
				93ACF66B297824A400EDA8C8 /* AppDelegate.swift in Sources */,
				93ACF66D297824A400EDA8C8 /* SceneDelegate.swift in Sources */,
			);
			runOnlyForDeploymentPostprocessing = 0;
		};
		93ACF679297824A700EDA8C8 /* Sources */ = {
			isa = PBXSourcesBuildPhase;
			buildActionMask = 2147483647;
			files = (
				93ACF682297824A700EDA8C8 /* ProyectBootcampSwiftTests.swift in Sources */,
			);
			runOnlyForDeploymentPostprocessing = 0;
		};
		93ACF683297824A700EDA8C8 /* Sources */ = {
			isa = PBXSourcesBuildPhase;
			buildActionMask = 2147483647;
			files = (
				93ACF68E297824A700EDA8C8 /* ProyectBootcampSwiftUITestsLaunchTests.swift in Sources */,
				93ACF68C297824A700EDA8C8 /* ProyectBootcampSwiftUITests.swift in Sources */,
			);
			runOnlyForDeploymentPostprocessing = 0;
		};
/* End PBXSourcesBuildPhase section */

/* Begin PBXTargetDependency section */
		93ACF67F297824A700EDA8C8 /* PBXTargetDependency */ = {
			isa = PBXTargetDependency;
			target = 93ACF666297824A400EDA8C8 /* ProyectBootcampSwift */;
			targetProxy = 93ACF67E297824A700EDA8C8 /* PBXContainerItemProxy */;
		};
		93ACF689297824A700EDA8C8 /* PBXTargetDependency */ = {
			isa = PBXTargetDependency;
			target = 93ACF666297824A400EDA8C8 /* ProyectBootcampSwift */;
			targetProxy = 93ACF688297824A700EDA8C8 /* PBXContainerItemProxy */;
		};
/* End PBXTargetDependency section */

/* Begin PBXVariantGroup section */
		93ACF670297824A400EDA8C8 /* Main.storyboard */ = {
			isa = PBXVariantGroup;
			children = (
				93ACF671297824A400EDA8C8 /* Base */,
			);
			name = Main.storyboard;
			sourceTree = "<group>";
		};
		93ACF675297824A600EDA8C8 /* LaunchScreen.storyboard */ = {
			isa = PBXVariantGroup;
			children = (
				93ACF676297824A600EDA8C8 /* Base */,
			);
			name = LaunchScreen.storyboard;
			sourceTree = "<group>";
		};
/* End PBXVariantGroup section */

/* Begin XCBuildConfiguration section */
		93ACF68F297824A700EDA8C8 /* Debug */ = {
			isa = XCBuildConfiguration;
			buildSettings = {
				ALWAYS_SEARCH_USER_PATHS = NO;
				CLANG_ANALYZER_NONNULL = YES;
				CLANG_ANALYZER_NUMBER_OBJECT_CONVERSION = YES_AGGRESSIVE;
				CLANG_CXX_LANGUAGE_STANDARD = "gnu++20";
				CLANG_ENABLE_MODULES = YES;
				CLANG_ENABLE_OBJC_ARC = YES;
				CLANG_ENABLE_OBJC_WEAK = YES;
				CLANG_WARN_BLOCK_CAPTURE_AUTORELEASING = YES;
				CLANG_WARN_BOOL_CONVERSION = YES;
				CLANG_WARN_COMMA = YES;
				CLANG_WARN_CONSTANT_CONVERSION = YES;
				CLANG_WARN_DEPRECATED_OBJC_IMPLEMENTATIONS = YES;
				CLANG_WARN_DIRECT_OBJC_ISA_USAGE = YES_ERROR;
				CLANG_WARN_DOCUMENTATION_COMMENTS = YES;
				CLANG_WARN_EMPTY_BODY = YES;
				CLANG_WARN_ENUM_CONVERSION = YES;
				CLANG_WARN_INFINITE_RECURSION = YES;
				CLANG_WARN_INT_CONVERSION = YES;
				CLANG_WARN_NON_LITERAL_NULL_CONVERSION = YES;
				CLANG_WARN_OBJC_IMPLICIT_RETAIN_SELF = YES;
				CLANG_WARN_OBJC_LITERAL_CONVERSION = YES;
				CLANG_WARN_OBJC_ROOT_CLASS = YES_ERROR;
				CLANG_WARN_QUOTED_INCLUDE_IN_FRAMEWORK_HEADER = YES;
				CLANG_WARN_RANGE_LOOP_ANALYSIS = YES;
				CLANG_WARN_STRICT_PROTOTYPES = YES;
				CLANG_WARN_SUSPICIOUS_MOVE = YES;
				CLANG_WARN_UNGUARDED_AVAILABILITY = YES_AGGRESSIVE;
				CLANG_WARN_UNREACHABLE_CODE = YES;
				CLANG_WARN__DUPLICATE_METHOD_MATCH = YES;
				COPY_PHASE_STRIP = NO;
				DEBUG_INFORMATION_FORMAT = dwarf;
				ENABLE_STRICT_OBJC_MSGSEND = YES;
				ENABLE_TESTABILITY = YES;
				GCC_C_LANGUAGE_STANDARD = gnu11;
				GCC_DYNAMIC_NO_PIC = NO;
				GCC_NO_COMMON_BLOCKS = YES;
				GCC_OPTIMIZATION_LEVEL = 0;
				GCC_PREPROCESSOR_DEFINITIONS = (
					"DEBUG=1",
					"$(inherited)",
				);
				GCC_WARN_64_TO_32_BIT_CONVERSION = YES;
				GCC_WARN_ABOUT_RETURN_TYPE = YES_ERROR;
				GCC_WARN_UNDECLARED_SELECTOR = YES;
				GCC_WARN_UNINITIALIZED_AUTOS = YES_AGGRESSIVE;
				GCC_WARN_UNUSED_FUNCTION = YES;
				GCC_WARN_UNUSED_VARIABLE = YES;
				IPHONEOS_DEPLOYMENT_TARGET = 16.0;
				MTL_ENABLE_DEBUG_INFO = INCLUDE_SOURCE;
				MTL_FAST_MATH = YES;
				ONLY_ACTIVE_ARCH = YES;
				SDKROOT = iphoneos;
				SWIFT_ACTIVE_COMPILATION_CONDITIONS = DEBUG;
				SWIFT_OPTIMIZATION_LEVEL = "-Onone";
			};
			name = Debug;
		};
		93ACF690297824A700EDA8C8 /* Release */ = {
			isa = XCBuildConfiguration;
			buildSettings = {
				ALWAYS_SEARCH_USER_PATHS = NO;
				CLANG_ANALYZER_NONNULL = YES;
				CLANG_ANALYZER_NUMBER_OBJECT_CONVERSION = YES_AGGRESSIVE;
				CLANG_CXX_LANGUAGE_STANDARD = "gnu++20";
				CLANG_ENABLE_MODULES = YES;
				CLANG_ENABLE_OBJC_ARC = YES;
				CLANG_ENABLE_OBJC_WEAK = YES;
				CLANG_WARN_BLOCK_CAPTURE_AUTORELEASING = YES;
				CLANG_WARN_BOOL_CONVERSION = YES;
				CLANG_WARN_COMMA = YES;
				CLANG_WARN_CONSTANT_CONVERSION = YES;
				CLANG_WARN_DEPRECATED_OBJC_IMPLEMENTATIONS = YES;
				CLANG_WARN_DIRECT_OBJC_ISA_USAGE = YES_ERROR;
				CLANG_WARN_DOCUMENTATION_COMMENTS = YES;
				CLANG_WARN_EMPTY_BODY = YES;
				CLANG_WARN_ENUM_CONVERSION = YES;
				CLANG_WARN_INFINITE_RECURSION = YES;
				CLANG_WARN_INT_CONVERSION = YES;
				CLANG_WARN_NON_LITERAL_NULL_CONVERSION = YES;
				CLANG_WARN_OBJC_IMPLICIT_RETAIN_SELF = YES;
				CLANG_WARN_OBJC_LITERAL_CONVERSION = YES;
				CLANG_WARN_OBJC_ROOT_CLASS = YES_ERROR;
				CLANG_WARN_QUOTED_INCLUDE_IN_FRAMEWORK_HEADER = YES;
				CLANG_WARN_RANGE_LOOP_ANALYSIS = YES;
				CLANG_WARN_STRICT_PROTOTYPES = YES;
				CLANG_WARN_SUSPICIOUS_MOVE = YES;
				CLANG_WARN_UNGUARDED_AVAILABILITY = YES_AGGRESSIVE;
				CLANG_WARN_UNREACHABLE_CODE = YES;
				CLANG_WARN__DUPLICATE_METHOD_MATCH = YES;
				COPY_PHASE_STRIP = NO;
				DEBUG_INFORMATION_FORMAT = "dwarf-with-dsym";
				ENABLE_NS_ASSERTIONS = NO;
				ENABLE_STRICT_OBJC_MSGSEND = YES;
				GCC_C_LANGUAGE_STANDARD = gnu11;
				GCC_NO_COMMON_BLOCKS = YES;
				GCC_WARN_64_TO_32_BIT_CONVERSION = YES;
				GCC_WARN_ABOUT_RETURN_TYPE = YES_ERROR;
				GCC_WARN_UNDECLARED_SELECTOR = YES;
				GCC_WARN_UNINITIALIZED_AUTOS = YES_AGGRESSIVE;
				GCC_WARN_UNUSED_FUNCTION = YES;
				GCC_WARN_UNUSED_VARIABLE = YES;
				IPHONEOS_DEPLOYMENT_TARGET = 16.0;
				MTL_ENABLE_DEBUG_INFO = NO;
				MTL_FAST_MATH = YES;
				SDKROOT = iphoneos;
				SWIFT_COMPILATION_MODE = wholemodule;
				SWIFT_OPTIMIZATION_LEVEL = "-O";
				VALIDATE_PRODUCT = YES;
			};
			name = Release;
		};
		93ACF692297824A700EDA8C8 /* Debug */ = {
			isa = XCBuildConfiguration;
			buildSettings = {
				ASSETCATALOG_COMPILER_APPICON_NAME = AppIcon;
				ASSETCATALOG_COMPILER_GLOBAL_ACCENT_COLOR_NAME = AccentColor;
				CODE_SIGN_STYLE = Automatic;
				CURRENT_PROJECT_VERSION = 1;
				GENERATE_INFOPLIST_FILE = YES;
				INFOPLIST_FILE = ProyectBootcampSwift/Info.plist;
				INFOPLIST_KEY_UIApplicationSupportsIndirectInputEvents = YES;
				INFOPLIST_KEY_UILaunchStoryboardName = LaunchScreen;
				INFOPLIST_KEY_UIMainStoryboardFile = Main;
				INFOPLIST_KEY_UISupportedInterfaceOrientations_iPad = "UIInterfaceOrientationPortrait UIInterfaceOrientationPortraitUpsideDown UIInterfaceOrientationLandscapeLeft UIInterfaceOrientationLandscapeRight";
				INFOPLIST_KEY_UISupportedInterfaceOrientations_iPhone = "UIInterfaceOrientationPortrait UIInterfaceOrientationLandscapeLeft UIInterfaceOrientationLandscapeRight";
				LD_RUNPATH_SEARCH_PATHS = (
					"$(inherited)",
					"@executable_path/Frameworks",
				);
				MARKETING_VERSION = 1.0;
				PRODUCT_BUNDLE_IDENTIFIER = com.mario.ProyectBootcampSwift;
				PRODUCT_NAME = "$(TARGET_NAME)";
				SWIFT_EMIT_LOC_STRINGS = YES;
				SWIFT_VERSION = 5.0;
				TARGETED_DEVICE_FAMILY = "1,2";
			};
			name = Debug;
		};
		93ACF693297824A700EDA8C8 /* Release */ = {
			isa = XCBuildConfiguration;
			buildSettings = {
				ASSETCATALOG_COMPILER_APPICON_NAME = AppIcon;
				ASSETCATALOG_COMPILER_GLOBAL_ACCENT_COLOR_NAME = AccentColor;
				CODE_SIGN_STYLE = Automatic;
				CURRENT_PROJECT_VERSION = 1;
				GENERATE_INFOPLIST_FILE = YES;
				INFOPLIST_FILE = ProyectBootcampSwift/Info.plist;
				INFOPLIST_KEY_UIApplicationSupportsIndirectInputEvents = YES;
				INFOPLIST_KEY_UILaunchStoryboardName = LaunchScreen;
				INFOPLIST_KEY_UIMainStoryboardFile = Main;
				INFOPLIST_KEY_UISupportedInterfaceOrientations_iPad = "UIInterfaceOrientationPortrait UIInterfaceOrientationPortraitUpsideDown UIInterfaceOrientationLandscapeLeft UIInterfaceOrientationLandscapeRight";
				INFOPLIST_KEY_UISupportedInterfaceOrientations_iPhone = "UIInterfaceOrientationPortrait UIInterfaceOrientationLandscapeLeft UIInterfaceOrientationLandscapeRight";
				LD_RUNPATH_SEARCH_PATHS = (
					"$(inherited)",
					"@executable_path/Frameworks",
				);
				MARKETING_VERSION = 1.0;
				PRODUCT_BUNDLE_IDENTIFIER = com.mario.ProyectBootcampSwift;
				PRODUCT_NAME = "$(TARGET_NAME)";
				SWIFT_EMIT_LOC_STRINGS = YES;
				SWIFT_VERSION = 5.0;
				TARGETED_DEVICE_FAMILY = "1,2";
			};
			name = Release;
		};
		93ACF695297824A700EDA8C8 /* Debug */ = {
			isa = XCBuildConfiguration;
			buildSettings = {
				ALWAYS_EMBED_SWIFT_STANDARD_LIBRARIES = YES;
				BUNDLE_LOADER = "$(TEST_HOST)";
				CODE_SIGN_STYLE = Automatic;
				CURRENT_PROJECT_VERSION = 1;
				GENERATE_INFOPLIST_FILE = YES;
				IPHONEOS_DEPLOYMENT_TARGET = 16.0;
				MARKETING_VERSION = 1.0;
				PRODUCT_BUNDLE_IDENTIFIER = com.mario.ProyectBootcampSwiftTests;
				PRODUCT_NAME = "$(TARGET_NAME)";
				SWIFT_EMIT_LOC_STRINGS = NO;
				SWIFT_VERSION = 5.0;
				TARGETED_DEVICE_FAMILY = "1,2";
				TEST_HOST = "$(BUILT_PRODUCTS_DIR)/ProyectBootcampSwift.app/$(BUNDLE_EXECUTABLE_FOLDER_PATH)/ProyectBootcampSwift";
			};
			name = Debug;
		};
		93ACF696297824A700EDA8C8 /* Release */ = {
			isa = XCBuildConfiguration;
			buildSettings = {
				ALWAYS_EMBED_SWIFT_STANDARD_LIBRARIES = YES;
				BUNDLE_LOADER = "$(TEST_HOST)";
				CODE_SIGN_STYLE = Automatic;
				CURRENT_PROJECT_VERSION = 1;
				GENERATE_INFOPLIST_FILE = YES;
				IPHONEOS_DEPLOYMENT_TARGET = 16.0;
				MARKETING_VERSION = 1.0;
				PRODUCT_BUNDLE_IDENTIFIER = com.mario.ProyectBootcampSwiftTests;
				PRODUCT_NAME = "$(TARGET_NAME)";
				SWIFT_EMIT_LOC_STRINGS = NO;
				SWIFT_VERSION = 5.0;
				TARGETED_DEVICE_FAMILY = "1,2";
				TEST_HOST = "$(BUILT_PRODUCTS_DIR)/ProyectBootcampSwift.app/$(BUNDLE_EXECUTABLE_FOLDER_PATH)/ProyectBootcampSwift";
			};
			name = Release;
		};
		93ACF698297824A700EDA8C8 /* Debug */ = {
			isa = XCBuildConfiguration;
			buildSettings = {
				ALWAYS_EMBED_SWIFT_STANDARD_LIBRARIES = YES;
				CODE_SIGN_STYLE = Automatic;
				CURRENT_PROJECT_VERSION = 1;
				GENERATE_INFOPLIST_FILE = YES;
				MARKETING_VERSION = 1.0;
				PRODUCT_BUNDLE_IDENTIFIER = com.mario.ProyectBootcampSwiftUITests;
				PRODUCT_NAME = "$(TARGET_NAME)";
				SWIFT_EMIT_LOC_STRINGS = NO;
				SWIFT_VERSION = 5.0;
				TARGETED_DEVICE_FAMILY = "1,2";
				TEST_TARGET_NAME = ProyectBootcampSwift;
			};
			name = Debug;
		};
		93ACF699297824A700EDA8C8 /* Release */ = {
			isa = XCBuildConfiguration;
			buildSettings = {
				ALWAYS_EMBED_SWIFT_STANDARD_LIBRARIES = YES;
				CODE_SIGN_STYLE = Automatic;
				CURRENT_PROJECT_VERSION = 1;
				GENERATE_INFOPLIST_FILE = YES;
				MARKETING_VERSION = 1.0;
				PRODUCT_BUNDLE_IDENTIFIER = com.mario.ProyectBootcampSwiftUITests;
				PRODUCT_NAME = "$(TARGET_NAME)";
				SWIFT_EMIT_LOC_STRINGS = NO;
				SWIFT_VERSION = 5.0;
				TARGETED_DEVICE_FAMILY = "1,2";
				TEST_TARGET_NAME = ProyectBootcampSwift;
			};
			name = Release;
		};
/* End XCBuildConfiguration section */

/* Begin XCConfigurationList section */
		93ACF662297824A400EDA8C8 /* Build configuration list for PBXProject "ProyectBootcampSwift" */ = {
			isa = XCConfigurationList;
			buildConfigurations = (
				93ACF68F297824A700EDA8C8 /* Debug */,
				93ACF690297824A700EDA8C8 /* Release */,
			);
			defaultConfigurationIsVisible = 0;
			defaultConfigurationName = Release;
		};
		93ACF691297824A700EDA8C8 /* Build configuration list for PBXNativeTarget "ProyectBootcampSwift" */ = {
			isa = XCConfigurationList;
			buildConfigurations = (
				93ACF692297824A700EDA8C8 /* Debug */,
				93ACF693297824A700EDA8C8 /* Release */,
			);
			defaultConfigurationIsVisible = 0;
			defaultConfigurationName = Release;
		};
		93ACF694297824A700EDA8C8 /* Build configuration list for PBXNativeTarget "ProyectBootcampSwiftTests" */ = {
			isa = XCConfigurationList;
			buildConfigurations = (
				93ACF695297824A700EDA8C8 /* Debug */,
				93ACF696297824A700EDA8C8 /* Release */,
			);
			defaultConfigurationIsVisible = 0;
			defaultConfigurationName = Release;
		};
		93ACF697297824A700EDA8C8 /* Build configuration list for PBXNativeTarget "ProyectBootcampSwiftUITests" */ = {
			isa = XCConfigurationList;
			buildConfigurations = (
				93ACF698297824A700EDA8C8 /* Debug */,
				93ACF699297824A700EDA8C8 /* Release */,
			);
			defaultConfigurationIsVisible = 0;
			defaultConfigurationName = Release;
		};
/* End XCConfigurationList section */
	};
	rootObject = 93ACF65F297824A400EDA8C8 /* Project object */;
}
